schema: '2.0'
stages:
  to-ph:
    cmd: lexurgy sc lexicon/tsrjh.lsc lexicon/tsrjh.wli
    deps:
    - path: lexicon/tsrjh.lsc
      hash: md5
      md5: ff56fbdc767680b49ffce94d0bfcf937
      size: 427
    - path: lexicon/tsrjh.wli
      hash: md5
      md5: 9f80bffcd15fd36cab3622e88d5a2233
      size: 156
    outs:
    - path: lexicon/tsrjh_ev.wli
      hash: md5
      md5: 2622294bcd239852ff2123f2399dccb0
      size: 213
    - path: lexicon/tsrjh_ev.wlm
      hash: md5
      md5: 91efcca27c09106d0abdc6fa06b8646d
      size: 499
  syllabify:
    cmd: ./lexicon/syllabify.sh lexicon/tsrjh.txt > lexicon/tsrjh.wli
