schema: '2.0'
stages:
  to-ph:
    cmd: lexurgy sc tsrjh.lsc tsrjh.wli
    deps:
    - path: tsrjh.lsc
      md5: 48596426cf9c01091943e7bb6dfef369
      size: 784
    - path: tsrjh.wli
      md5: 89c51c35660efa80956c746c9816c795
      size: 69
    outs:
    - path: tsrjh_ev.wli
      md5: 12a9e0012902917bfc243d06a8225d39
      size: 112
    - path: tsrjh_ev.wlm
      md5: 24f7c51078ca21d44f22126662d5d01a
      size: 266
